
Microsoft Visual Studio Solution File, Format Version 12.00
# Visual Studio 2012
Project("{FAE04EC0-301F-11D3-BF4B-00C04F79EFBC}") = "FootlooseFS.Web.Service.NetCore", "FootlooseFS.Web.Service.NetCore\FootlooseFS.Web.Service.NetCore.csproj", "{F4226BAA-609D-465A-908F-C72A6937B388}"
EndProject
Project("{FAE04EC0-301F-11D3-BF4B-00C04F79EFBC}") = "FootlooseFS.Models.NetCore", "FootlooseFS.Models.NetCore\FootlooseFS.Models.NetCore.csproj", "{8AB9CEC9-BB10-468A-ABA8-F43E0EAB078E}"
EndProject
Project("{FAE04EC0-301F-11D3-BF4B-00C04F79EFBC}") = "FootlooseFS.DataPersistence.NetCore", "FootlooseFS.DataPersistence.NetCore\FootlooseFS.DataPersistence.NetCore.csproj", "{8044032A-1D53-4848-B040-69187EC46667}"
EndProject
Project("{FAE04EC0-301F-11D3-BF4B-00C04F79EFBC}") = "FootlooseFS.Service.NetCore", "FootlooseFS.Service.NetCore\FootlooseFS.Service.NetCore.csproj", "{58103BF3-1FDE-46C3-81A4-89D438FBB387}"
EndProject
Project("{FAE04EC0-301F-11D3-BF4B-00C04F79EFBC}") = "FootlooseFS.Service.NetCore.Tests", "FootlooseFS.Service.NetCore.Tests\FootlooseFS.Service.NetCore.Tests.csproj", "{ABA7B0FF-8D6A-4FDC-B191-CD400D665F71}"
EndProject
Global
	GlobalSection(SolutionConfigurationPlatforms) = preSolution
		Debug|Any CPU = Debug|Any CPU
		Release|Any CPU = Release|Any CPU
	EndGlobalSection
	GlobalSection(ProjectConfigurationPlatforms) = postSolution
		{F4226BAA-609D-465A-908F-C72A6937B388}.Debug|Any CPU.ActiveCfg = Debug|Any CPU
		{F4226BAA-609D-465A-908F-C72A6937B388}.Debug|Any CPU.Build.0 = Debug|Any CPU
		{F4226BAA-609D-465A-908F-C72A6937B388}.Release|Any CPU.ActiveCfg = Release|Any CPU
		{F4226BAA-609D-465A-908F-C72A6937B388}.Release|Any CPU.Build.0 = Release|Any CPU
		{8AB9CEC9-BB10-468A-ABA8-F43E0EAB078E}.Debug|Any CPU.ActiveCfg = Debug|Any CPU
		{8AB9CEC9-BB10-468A-ABA8-F43E0EAB078E}.Debug|Any CPU.Build.0 = Debug|Any CPU
		{8AB9CEC9-BB10-468A-ABA8-F43E0EAB078E}.Release|Any CPU.ActiveCfg = Release|Any CPU
		{8AB9CEC9-BB10-468A-ABA8-F43E0EAB078E}.Release|Any CPU.Build.0 = Release|Any CPU
		{8044032A-1D53-4848-B040-69187EC46667}.Debug|Any CPU.ActiveCfg = Debug|Any CPU
		{8044032A-1D53-4848-B040-69187EC46667}.Debug|Any CPU.Build.0 = Debug|Any CPU
		{8044032A-1D53-4848-B040-69187EC46667}.Release|Any CPU.ActiveCfg = Release|Any CPU
		{8044032A-1D53-4848-B040-69187EC46667}.Release|Any CPU.Build.0 = Release|Any CPU
		{58103BF3-1FDE-46C3-81A4-89D438FBB387}.Debug|Any CPU.ActiveCfg = Debug|Any CPU
		{58103BF3-1FDE-46C3-81A4-89D438FBB387}.Debug|Any CPU.Build.0 = Debug|Any CPU
		{58103BF3-1FDE-46C3-81A4-89D438FBB387}.Release|Any CPU.ActiveCfg = Release|Any CPU
		{58103BF3-1FDE-46C3-81A4-89D438FBB387}.Release|Any CPU.Build.0 = Release|Any CPU
		{ABA7B0FF-8D6A-4FDC-B191-CD400D665F71}.Debug|Any CPU.ActiveCfg = Debug|Any CPU
		{ABA7B0FF-8D6A-4FDC-B191-CD400D665F71}.Debug|Any CPU.Build.0 = Debug|Any CPU
		{ABA7B0FF-8D6A-4FDC-B191-CD400D665F71}.Release|Any CPU.ActiveCfg = Release|Any CPU
		{ABA7B0FF-8D6A-4FDC-B191-CD400D665F71}.Release|Any CPU.Build.0 = Release|Any CPU
	EndGlobalSection
EndGlobal
